
Microsoft Visual Studio Solution File, Format Version 12.00
# Visual Studio Version 17
VisualStudioVersion = 17.13.35919.96 d17.13
MinimumVisualStudioVersion = 10.0.40219.1
Project("{FAE04EC0-301F-11D3-BF4B-00C04F79EFBC}") = "ClassLibraryNet", "ClassLibrary\ClassLibraryNet.csproj", "{35205944-A3A3-EBF4-1036-C4488B35222C}"
EndProject
Project("{FAE04EC0-301F-11D3-BF4B-00C04F79EFBC}") = "ConsoleAppNet", "ConsoleApp\ConsoleAppNet.csproj", "{0098BA8E-7FA6-372C-7B6C-697D72FFA102}"
EndProject
Global
	GlobalSection(SolutionConfigurationPlatforms) = preSolution
		Debug|Any CPU = Debug|Any CPU
		Release|Any CPU = Release|Any CPU
	EndGlobalSection
	GlobalSection(ProjectConfigurationPlatforms) = postSolution
		{35205944-A3A3-EBF4-1036-C4488B35222C}.Debug|Any CPU.ActiveCfg = Debug|Any CPU
		{35205944-A3A3-EBF4-1036-C4488B35222C}.Debug|Any CPU.Build.0 = Debug|Any CPU
		{35205944-A3A3-EBF4-1036-C4488B35222C}.Release|Any CPU.ActiveCfg = Release|Any CPU
		{35205944-A3A3-EBF4-1036-C4488B35222C}.Release|Any CPU.Build.0 = Release|Any CPU
		{0098BA8E-7FA6-372C-7B6C-697D72FFA102}.Debug|Any CPU.ActiveCfg = Debug|Any CPU
		{0098BA8E-7FA6-372C-7B6C-697D72FFA102}.Debug|Any CPU.Build.0 = Debug|Any CPU
		{0098BA8E-7FA6-372C-7B6C-697D72FFA102}.Release|Any CPU.ActiveCfg = Release|Any CPU
		{0098BA8E-7FA6-372C-7B6C-697D72FFA102}.Release|Any CPU.Build.0 = Release|Any CPU
	EndGlobalSection
	GlobalSection(SolutionProperties) = preSolution
		HideSolutionNode = FALSE
	EndGlobalSection
	GlobalSection(ExtensibilityGlobals) = postSolution
		SolutionGuid = {275D51F2-0DCB-4CA5-AA85-FFA44D34F2DF}
	EndGlobalSection
EndGlobal
